
Microsoft Visual Studio Solution File, Format Version 12.00
# Visual Studio Version 17
VisualStudioVersion = 17.1.32328.378
MinimumVisualStudioVersion = 10.0.40219.1
Project("{FAE04EC0-301F-11D3-BF4B-00C04F79EFBC}") = "ApiAuth", "ApiAuth\ApiAuth.csproj", "{C325387F-6E41-4056-9791-0B24E8AA8BD2}"
EndProject
Global
	GlobalSection(SolutionConfigurationPlatforms) = preSolution
		Debug|Any CPU = Debug|Any CPU
		Release|Any CPU = Release|Any CPU
	EndGlobalSection
	GlobalSection(ProjectConfigurationPlatforms) = postSolution
		{C325387F-6E41-4056-9791-0B24E8AA8BD2}.Debug|Any CPU.ActiveCfg = Debug|Any CPU
		{C325387F-6E41-4056-9791-0B24E8AA8BD2}.Debug|Any CPU.Build.0 = Debug|Any CPU
		{C325387F-6E41-4056-9791-0B24E8AA8BD2}.Release|Any CPU.ActiveCfg = Release|Any CPU
		{C325387F-6E41-4056-9791-0B24E8AA8BD2}.Release|Any CPU.Build.0 = Release|Any CPU
	EndGlobalSection
	GlobalSection(SolutionProperties) = preSolution
		HideSolutionNode = FALSE
	EndGlobalSection
	GlobalSection(ExtensibilityGlobals) = postSolution
		SolutionGuid = {972E75FE-A14D-4344-B415-69DABFC9C17D}
	EndGlobalSection
EndGlobal
